// !$*UTF8*$!
{
	archiveVersion = 1;
	classes = {
	};
	objectVersion = 55;
	objects = {

/* Begin PBXBuildFile section */
		3EBB10A5287E71F40023D10D /* AppDelegate.swift in Sources */ = {isa = PBXBuildFile; fileRef = 3EBB10A4287E71F40023D10D /* AppDelegate.swift */; };
		3EBB10A7287E71F40023D10D /* SceneDelegate.swift in Sources */ = {isa = PBXBuildFile; fileRef = 3EBB10A6287E71F40023D10D /* SceneDelegate.swift */; };
		3EBB10A9287E71F40023D10D /* TransactionsViewController.swift in Sources */ = {isa = PBXBuildFile; fileRef = 3EBB10A8287E71F40023D10D /* TransactionsViewController.swift */; };
		3EBB10AC287E71F40023D10D /* Main.storyboard in Resources */ = {isa = PBXBuildFile; fileRef = 3EBB10AA287E71F40023D10D /* Main.storyboard */; };
		3EBB10AE287E71F80023D10D /* Assets.xcassets in Resources */ = {isa = PBXBuildFile; fileRef = 3EBB10AD287E71F80023D10D /* Assets.xcassets */; };
		3EBB10B1287E71F80023D10D /* LaunchScreen.storyboard in Resources */ = {isa = PBXBuildFile; fileRef = 3EBB10AF287E71F80023D10D /* LaunchScreen.storyboard */; };
		3EBB10BC287E71F80023D10D /* PeopleTransactionsTests.swift in Sources */ = {isa = PBXBuildFile; fileRef = 3EBB10BB287E71F80023D10D /* PeopleTransactionsTests.swift */; };
		3EBB10D9287E765D0023D10D /* Swinject in Frameworks */ = {isa = PBXBuildFile; productRef = 3EBB10D8287E765D0023D10D /* Swinject */; };
		3EBB10E3287E78BA0023D10D /* Differentiator in Frameworks */ = {isa = PBXBuildFile; productRef = 3EBB10E2287E78BA0023D10D /* Differentiator */; };
		3EBB10E5287E78BA0023D10D /* RxDataSources in Frameworks */ = {isa = PBXBuildFile; productRef = 3EBB10E4287E78BA0023D10D /* RxDataSources */; };
		3EBB10EA287E8FDD0023D10D /* TransactionViewModel.swift in Sources */ = {isa = PBXBuildFile; fileRef = 3EBB10E9287E8FDD0023D10D /* TransactionViewModel.swift */; };
		3EBB10ED287E903E0023D10D /* TransactionTableCell.swift in Sources */ = {isa = PBXBuildFile; fileRef = 3EBB10EC287E903E0023D10D /* TransactionTableCell.swift */; };
		3EBB10EF287ECC790023D10D /* TransactionsCoordinator.swift in Sources */ = {isa = PBXBuildFile; fileRef = 3EBB10EE287ECC790023D10D /* TransactionsCoordinator.swift */; };
		3EBB10F4287ECD0B0023D10D /* Coordinator.swift in Sources */ = {isa = PBXBuildFile; fileRef = 3EBB10F3287ECD0B0023D10D /* Coordinator.swift */; };
		3EBB10F6287EE5720023D10D /* BaseCoordinator.swift in Sources */ = {isa = PBXBuildFile; fileRef = 3EBB10F5287EE5720023D10D /* BaseCoordinator.swift */; };
		3EBB10F8287EE91F0023D10D /* Storyboarded.swift in Sources */ = {isa = PBXBuildFile; fileRef = 3EBB10F7287EE91F0023D10D /* Storyboarded.swift */; };
		3EBB10FA287EF4B30023D10D /* TransactionsModel.swift in Sources */ = {isa = PBXBuildFile; fileRef = 3EBB10F9287EF4B30023D10D /* TransactionsModel.swift */; };
		3EBB10FD287EF5690023D10D /* RestClient.swift in Sources */ = {isa = PBXBuildFile; fileRef = 3EBB10FC287EF5690023D10D /* RestClient.swift */; };
		3EBB1100287EF5930023D10D /* DIManager.swift in Sources */ = {isa = PBXBuildFile; fileRef = 3EBB10FF287EF5930023D10D /* DIManager.swift */; };
		3EBB1104288016250023D10D /* DetailsViewController.swift in Sources */ = {isa = PBXBuildFile; fileRef = 3EBB1103288016250023D10D /* DetailsViewController.swift */; };
		3EBB11062880170D0023D10D /* DetailsCoordinator.swift in Sources */ = {isa = PBXBuildFile; fileRef = 3EBB11052880170D0023D10D /* DetailsCoordinator.swift */; };
		3EBB11092880194A0023D10D /* AppCoordinator.swift in Sources */ = {isa = PBXBuildFile; fileRef = 3EBB11082880194A0023D10D /* AppCoordinator.swift */; };
		3EBB110F2880AB060023D10D /* ViewController.swift in Sources */ = {isa = PBXBuildFile; fileRef = 3EBB110E2880AB050023D10D /* ViewController.swift */; };
		3EBB11112881312C0023D10D /* ViewModelProtocol.swift in Sources */ = {isa = PBXBuildFile; fileRef = 3EBB11102881312C0023D10D /* ViewModelProtocol.swift */; };
		3EBB1115288132290023D10D /* DetailsViewModel.swift in Sources */ = {isa = PBXBuildFile; fileRef = 3EBB1114288132290023D10D /* DetailsViewModel.swift */; };
		3EBB11182881892C0023D10D /* DateFormatter+Addition.swift in Sources */ = {isa = PBXBuildFile; fileRef = 3EBB11172881892C0023D10D /* DateFormatter+Addition.swift */; };
		3EBB111A28819AE00023D10D /* Double+Addition.swift in Sources */ = {isa = PBXBuildFile; fileRef = 3EBB111928819AE00023D10D /* Double+Addition.swift */; };
		3EBB111C2882E51F0023D10D /* RestClientMockTest.swift in Sources */ = {isa = PBXBuildFile; fileRef = 3EBB111B2882E51F0023D10D /* RestClientMockTest.swift */; };
		3EBB111E2882EABE0023D10D /* TransactionsViewModelTest.swift in Sources */ = {isa = PBXBuildFile; fileRef = 3EBB111D2882EABE0023D10D /* TransactionsViewModelTest.swift */; };
		3EBB11242882FBCD0023D10D /* RxCocoa in Frameworks */ = {isa = PBXBuildFile; productRef = 3EBB11232882FBCD0023D10D /* RxCocoa */; };
		3EBB11262882FBCD0023D10D /* RxRelay in Frameworks */ = {isa = PBXBuildFile; productRef = 3EBB11252882FBCD0023D10D /* RxRelay */; };
		3EBB11282882FBCD0023D10D /* RxSwift in Frameworks */ = {isa = PBXBuildFile; productRef = 3EBB11272882FBCD0023D10D /* RxSwift */; };
		3EBB112A2882FBCD0023D10D /* RxTest in Frameworks */ = {isa = PBXBuildFile; productRef = 3EBB11292882FBCD0023D10D /* RxTest */; };
		3EC071E1288311EF0039E216 /* PeopleTransactionsUITests.swift in Sources */ = {isa = PBXBuildFile; fileRef = 3EC071E0288311EF0039E216 /* PeopleTransactionsUITests.swift */; };
		3EC071E3288311EF0039E216 /* PeopleTransactionsUITestsLaunchTests.swift in Sources */ = {isa = PBXBuildFile; fileRef = 3EC071E2288311EF0039E216 /* PeopleTransactionsUITestsLaunchTests.swift */; };
		3EC071E9288312C90039E216 /* XCTest.framework in Frameworks */ = {isa = PBXBuildFile; fileRef = 3EC071D2288302400039E216 /* XCTest.framework */; platformFilter = ios; };
/* End PBXBuildFile section */

/* Begin PBXContainerItemProxy section */
		3EBB10B8287E71F80023D10D /* PBXContainerItemProxy */ = {
			isa = PBXContainerItemProxy;
			containerPortal = 3EBB1099287E71F40023D10D /* Project object */;
			proxyType = 1;
			remoteGlobalIDString = 3EBB10A0287E71F40023D10D;
			remoteInfo = PeopleTransactions;
		};
		3EC071E4288311EF0039E216 /* PBXContainerItemProxy */ = {
			isa = PBXContainerItemProxy;
			containerPortal = 3EBB1099287E71F40023D10D /* Project object */;
			proxyType = 1;
			remoteGlobalIDString = 3EBB10A0287E71F40023D10D;
			remoteInfo = PeopleTransactions;
		};
/* End PBXContainerItemProxy section */

/* Begin PBXFileReference section */
		3EBB10A1287E71F40023D10D /* PeopleTransactions.app */ = {isa = PBXFileReference; explicitFileType = wrapper.application; includeInIndex = 0; path = PeopleTransactions.app; sourceTree = BUILT_PRODUCTS_DIR; };
		3EBB10A4287E71F40023D10D /* AppDelegate.swift */ = {isa = PBXFileReference; lastKnownFileType = sourcecode.swift; path = AppDelegate.swift; sourceTree = "<group>"; };
		3EBB10A6287E71F40023D10D /* SceneDelegate.swift */ = {isa = PBXFileReference; lastKnownFileType = sourcecode.swift; path = SceneDelegate.swift; sourceTree = "<group>"; };
		3EBB10A8287E71F40023D10D /* TransactionsViewController.swift */ = {isa = PBXFileReference; lastKnownFileType = sourcecode.swift; path = TransactionsViewController.swift; sourceTree = "<group>"; };
		3EBB10AB287E71F40023D10D /* Base */ = {isa = PBXFileReference; lastKnownFileType = file.storyboard; name = Base; path = Base.lproj/Main.storyboard; sourceTree = "<group>"; };
		3EBB10AD287E71F80023D10D /* Assets.xcassets */ = {isa = PBXFileReference; lastKnownFileType = folder.assetcatalog; path = Assets.xcassets; sourceTree = "<group>"; };
		3EBB10B0287E71F80023D10D /* Base */ = {isa = PBXFileReference; lastKnownFileType = file.storyboard; name = Base; path = Base.lproj/LaunchScreen.storyboard; sourceTree = "<group>"; };
		3EBB10B2287E71F80023D10D /* Info.plist */ = {isa = PBXFileReference; lastKnownFileType = text.plist.xml; path = Info.plist; sourceTree = "<group>"; };
		3EBB10B7287E71F80023D10D /* PeopleTransactionsTests.xctest */ = {isa = PBXFileReference; explicitFileType = wrapper.cfbundle; includeInIndex = 0; path = PeopleTransactionsTests.xctest; sourceTree = BUILT_PRODUCTS_DIR; };
		3EBB10BB287E71F80023D10D /* PeopleTransactionsTests.swift */ = {isa = PBXFileReference; lastKnownFileType = sourcecode.swift; path = PeopleTransactionsTests.swift; sourceTree = "<group>"; };
		3EBB10E9287E8FDD0023D10D /* TransactionViewModel.swift */ = {isa = PBXFileReference; lastKnownFileType = sourcecode.swift; name = TransactionViewModel.swift; path = PeopleTransactions/TransactionsVC/Model/TransactionViewModel.swift; sourceTree = SOURCE_ROOT; };
		3EBB10EC287E903E0023D10D /* TransactionTableCell.swift */ = {isa = PBXFileReference; lastKnownFileType = sourcecode.swift; path = TransactionTableCell.swift; sourceTree = "<group>"; };
		3EBB10EE287ECC790023D10D /* TransactionsCoordinator.swift */ = {isa = PBXFileReference; lastKnownFileType = sourcecode.swift; path = TransactionsCoordinator.swift; sourceTree = "<group>"; };
		3EBB10F3287ECD0B0023D10D /* Coordinator.swift */ = {isa = PBXFileReference; lastKnownFileType = sourcecode.swift; path = Coordinator.swift; sourceTree = "<group>"; };
		3EBB10F5287EE5720023D10D /* BaseCoordinator.swift */ = {isa = PBXFileReference; lastKnownFileType = sourcecode.swift; path = BaseCoordinator.swift; sourceTree = "<group>"; };
		3EBB10F7287EE91F0023D10D /* Storyboarded.swift */ = {isa = PBXFileReference; lastKnownFileType = sourcecode.swift; path = Storyboarded.swift; sourceTree = "<group>"; };
		3EBB10F9287EF4B30023D10D /* TransactionsModel.swift */ = {isa = PBXFileReference; lastKnownFileType = sourcecode.swift; path = TransactionsModel.swift; sourceTree = "<group>"; };
		3EBB10FC287EF5690023D10D /* RestClient.swift */ = {isa = PBXFileReference; fileEncoding = 4; lastKnownFileType = sourcecode.swift; path = RestClient.swift; sourceTree = "<group>"; };
		3EBB10FF287EF5930023D10D /* DIManager.swift */ = {isa = PBXFileReference; fileEncoding = 4; lastKnownFileType = sourcecode.swift; path = DIManager.swift; sourceTree = "<group>"; };
		3EBB1103288016250023D10D /* DetailsViewController.swift */ = {isa = PBXFileReference; lastKnownFileType = sourcecode.swift; path = DetailsViewController.swift; sourceTree = "<group>"; };
		3EBB11052880170D0023D10D /* DetailsCoordinator.swift */ = {isa = PBXFileReference; lastKnownFileType = sourcecode.swift; path = DetailsCoordinator.swift; sourceTree = "<group>"; };
		3EBB11082880194A0023D10D /* AppCoordinator.swift */ = {isa = PBXFileReference; lastKnownFileType = sourcecode.swift; path = AppCoordinator.swift; sourceTree = "<group>"; };
		3EBB110E2880AB050023D10D /* ViewController.swift */ = {isa = PBXFileReference; lastKnownFileType = sourcecode.swift; path = ViewController.swift; sourceTree = "<group>"; };
		3EBB11102881312C0023D10D /* ViewModelProtocol.swift */ = {isa = PBXFileReference; lastKnownFileType = sourcecode.swift; path = ViewModelProtocol.swift; sourceTree = "<group>"; };
		3EBB1114288132290023D10D /* DetailsViewModel.swift */ = {isa = PBXFileReference; lastKnownFileType = sourcecode.swift; path = DetailsViewModel.swift; sourceTree = "<group>"; };
		3EBB11172881892C0023D10D /* DateFormatter+Addition.swift */ = {isa = PBXFileReference; lastKnownFileType = sourcecode.swift; path = "DateFormatter+Addition.swift"; sourceTree = "<group>"; };
		3EBB111928819AE00023D10D /* Double+Addition.swift */ = {isa = PBXFileReference; lastKnownFileType = sourcecode.swift; path = "Double+Addition.swift"; sourceTree = "<group>"; };
		3EBB111B2882E51F0023D10D /* RestClientMockTest.swift */ = {isa = PBXFileReference; lastKnownFileType = sourcecode.swift; path = RestClientMockTest.swift; sourceTree = "<group>"; };
		3EBB111D2882EABE0023D10D /* TransactionsViewModelTest.swift */ = {isa = PBXFileReference; lastKnownFileType = sourcecode.swift; path = TransactionsViewModelTest.swift; sourceTree = "<group>"; };
		3EC071D2288302400039E216 /* XCTest.framework */ = {isa = PBXFileReference; lastKnownFileType = wrapper.framework; name = XCTest.framework; path = Platforms/iPhoneOS.platform/Developer/Library/Frameworks/XCTest.framework; sourceTree = DEVELOPER_DIR; };
		3EC071DE288311EF0039E216 /* PeopleTransactionsUITests.xctest */ = {isa = PBXFileReference; explicitFileType = wrapper.cfbundle; includeInIndex = 0; path = PeopleTransactionsUITests.xctest; sourceTree = BUILT_PRODUCTS_DIR; };
		3EC071E0288311EF0039E216 /* PeopleTransactionsUITests.swift */ = {isa = PBXFileReference; lastKnownFileType = sourcecode.swift; path = PeopleTransactionsUITests.swift; sourceTree = "<group>"; };
		3EC071E2288311EF0039E216 /* PeopleTransactionsUITestsLaunchTests.swift */ = {isa = PBXFileReference; lastKnownFileType = sourcecode.swift; path = PeopleTransactionsUITestsLaunchTests.swift; sourceTree = "<group>"; };
/* End PBXFileReference section */

/* Begin PBXFrameworksBuildPhase section */
		3EBB109E287E71F40023D10D /* Frameworks */ = {
			isa = PBXFrameworksBuildPhase;
			buildActionMask = 2147483647;
			files = (
				3EBB112A2882FBCD0023D10D /* RxTest in Frameworks */,
				3EBB11282882FBCD0023D10D /* RxSwift in Frameworks */,
				3EBB11262882FBCD0023D10D /* RxRelay in Frameworks */,
				3EBB10E3287E78BA0023D10D /* Differentiator in Frameworks */,
				3EBB10E5287E78BA0023D10D /* RxDataSources in Frameworks */,
				3EBB11242882FBCD0023D10D /* RxCocoa in Frameworks */,
				3EBB10D9287E765D0023D10D /* Swinject in Frameworks */,
				3EC071E9288312C90039E216 /* XCTest.framework in Frameworks */,
			);
			runOnlyForDeploymentPostprocessing = 0;
		};
		3EBB10B4287E71F80023D10D /* Frameworks */ = {
			isa = PBXFrameworksBuildPhase;
			buildActionMask = 2147483647;
			files = (
			);
			runOnlyForDeploymentPostprocessing = 0;
		};
		3EC071DB288311EF0039E216 /* Frameworks */ = {
			isa = PBXFrameworksBuildPhase;
			buildActionMask = 2147483647;
			files = (
			);
			runOnlyForDeploymentPostprocessing = 0;
		};
/* End PBXFrameworksBuildPhase section */

/* Begin PBXGroup section */
		3EBB1098287E71F40023D10D = {
			isa = PBXGroup;
			children = (
				3EBB10A3287E71F40023D10D /* PeopleTransactions */,
				3EBB10BA287E71F80023D10D /* PeopleTransactionsTests */,
				3EC071DF288311EF0039E216 /* PeopleTransactionsUITests */,
				3EBB10A2287E71F40023D10D /* Products */,
				3EBB111F2882F0ED0023D10D /* Frameworks */,
			);
			sourceTree = "<group>";
		};
		3EBB10A2287E71F40023D10D /* Products */ = {
			isa = PBXGroup;
			children = (
				3EBB10A1287E71F40023D10D /* PeopleTransactions.app */,
				3EBB10B7287E71F80023D10D /* PeopleTransactionsTests.xctest */,
				3EC071DE288311EF0039E216 /* PeopleTransactionsUITests.xctest */,
			);
			name = Products;
			sourceTree = "<group>";
		};
		3EBB10A3287E71F40023D10D /* PeopleTransactions */ = {
			isa = PBXGroup;
			children = (
				3EBB10A4287E71F40023D10D /* AppDelegate.swift */,
				3EBB10A6287E71F40023D10D /* SceneDelegate.swift */,
				3EBB10FE287EF5870023D10D /* Shared */,
				3EBB10FB287EF53E0023D10D /* ServiceManager */,
				3EBB10F1287ECCF00023D10D /* Utility */,
				3EBB10E7287E8F4F0023D10D /* TransactionsVC */,
				3EBB1101288014350023D10D /* DetailViewController */,
				3EBB10AA287E71F40023D10D /* Main.storyboard */,
				3EBB10AD287E71F80023D10D /* Assets.xcassets */,
				3EBB10AF287E71F80023D10D /* LaunchScreen.storyboard */,
				3EBB10B2287E71F80023D10D /* Info.plist */,
			);
			path = PeopleTransactions;
			sourceTree = "<group>";
		};
		3EBB10BA287E71F80023D10D /* PeopleTransactionsTests */ = {
			isa = PBXGroup;
			children = (
				3EBB10BB287E71F80023D10D /* PeopleTransactionsTests.swift */,
				3EBB111B2882E51F0023D10D /* RestClientMockTest.swift */,
				3EBB111D2882EABE0023D10D /* TransactionsViewModelTest.swift */,
			);
			path = PeopleTransactionsTests;
			sourceTree = "<group>";
		};
		3EBB10E7287E8F4F0023D10D /* TransactionsVC */ = {
			isa = PBXGroup;
			children = (
				3EBB1112288131DF0023D10D /* Model */,
				3EBB10F0287ECCD20023D10D /* Coordinator */,
				3EBB10EB287E901C0023D10D /* Cell */,
				3EBB10A8287E71F40023D10D /* TransactionsViewController.swift */,
			);
			path = TransactionsVC;
			sourceTree = "<group>";
		};
		3EBB10EB287E901C0023D10D /* Cell */ = {
			isa = PBXGroup;
			children = (
				3EBB10EC287E903E0023D10D /* TransactionTableCell.swift */,
			);
			path = Cell;
			sourceTree = "<group>";
		};
		3EBB10F0287ECCD20023D10D /* Coordinator */ = {
			isa = PBXGroup;
			children = (
				3EBB10EE287ECC790023D10D /* TransactionsCoordinator.swift */,
			);
			path = Coordinator;
			sourceTree = "<group>";
		};
		3EBB10F1287ECCF00023D10D /* Utility */ = {
			isa = PBXGroup;
			children = (
				3EBB110D2880AAEC0023D10D /* Base MVVM */,
				3EBB1107288019260023D10D /* AppCoordinator */,
				3EBB10F2287ECCFA0023D10D /* Protocol */,
				3EBB11162881890F0023D10D /* Extensions */,
			);
			path = Utility;
			sourceTree = "<group>";
		};
		3EBB10F2287ECCFA0023D10D /* Protocol */ = {
			isa = PBXGroup;
			children = (
				3EBB10F3287ECD0B0023D10D /* Coordinator.swift */,
				3EBB10F7287EE91F0023D10D /* Storyboarded.swift */,
				3EBB11102881312C0023D10D /* ViewModelProtocol.swift */,
			);
			path = Protocol;
			sourceTree = "<group>";
		};
		3EBB10FB287EF53E0023D10D /* ServiceManager */ = {
			isa = PBXGroup;
			children = (
				3EBB10FC287EF5690023D10D /* RestClient.swift */,
			);
			path = ServiceManager;
			sourceTree = "<group>";
		};
		3EBB10FE287EF5870023D10D /* Shared */ = {
			isa = PBXGroup;
			children = (
				3EBB10FF287EF5930023D10D /* DIManager.swift */,
			);
			path = Shared;
			sourceTree = "<group>";
		};
		3EBB1101288014350023D10D /* DetailViewController */ = {
			isa = PBXGroup;
			children = (
				3EBB1113288131F80023D10D /* Model */,
				3EBB11022880144D0023D10D /* Coordinator */,
				3EBB1103288016250023D10D /* DetailsViewController.swift */,
			);
			path = DetailViewController;
			sourceTree = "<group>";
		};
		3EBB11022880144D0023D10D /* Coordinator */ = {
			isa = PBXGroup;
			children = (
				3EBB11052880170D0023D10D /* DetailsCoordinator.swift */,
			);
			path = Coordinator;
			sourceTree = "<group>";
		};
		3EBB1107288019260023D10D /* AppCoordinator */ = {
			isa = PBXGroup;
			children = (
				3EBB10F5287EE5720023D10D /* BaseCoordinator.swift */,
				3EBB11082880194A0023D10D /* AppCoordinator.swift */,
			);
			path = AppCoordinator;
			sourceTree = "<group>";
		};
		3EBB110D2880AAEC0023D10D /* Base MVVM */ = {
			isa = PBXGroup;
			children = (
				3EBB110E2880AB050023D10D /* ViewController.swift */,
			);
			path = "Base MVVM";
			sourceTree = "<group>";
		};
		3EBB1112288131DF0023D10D /* Model */ = {
			isa = PBXGroup;
			children = (
				3EBB10E9287E8FDD0023D10D /* TransactionViewModel.swift */,
				3EBB10F9287EF4B30023D10D /* TransactionsModel.swift */,
			);
			path = Model;
			sourceTree = "<group>";
		};
		3EBB1113288131F80023D10D /* Model */ = {
			isa = PBXGroup;
			children = (
				3EBB1114288132290023D10D /* DetailsViewModel.swift */,
			);
			path = Model;
			sourceTree = "<group>";
		};
		3EBB11162881890F0023D10D /* Extensions */ = {
			isa = PBXGroup;
			children = (
				3EBB11172881892C0023D10D /* DateFormatter+Addition.swift */,
				3EBB111928819AE00023D10D /* Double+Addition.swift */,
			);
			path = Extensions;
			sourceTree = "<group>";
		};
		3EBB111F2882F0ED0023D10D /* Frameworks */ = {
			isa = PBXGroup;
			children = (
				3EC071D2288302400039E216 /* XCTest.framework */,
			);
			name = Frameworks;
			sourceTree = "<group>";
		};
		3EC071DF288311EF0039E216 /* PeopleTransactionsUITests */ = {
			isa = PBXGroup;
			children = (
				3EC071E0288311EF0039E216 /* PeopleTransactionsUITests.swift */,
				3EC071E2288311EF0039E216 /* PeopleTransactionsUITestsLaunchTests.swift */,
			);
			path = PeopleTransactionsUITests;
			sourceTree = "<group>";
		};
/* End PBXGroup section */

/* Begin PBXNativeTarget section */
		3EBB10A0287E71F40023D10D /* PeopleTransactions */ = {
			isa = PBXNativeTarget;
			buildConfigurationList = 3EBB10CB287E71F80023D10D /* Build configuration list for PBXNativeTarget "PeopleTransactions" */;
			buildPhases = (
				3EBB109D287E71F40023D10D /* Sources */,
				3EBB109E287E71F40023D10D /* Frameworks */,
				3EBB109F287E71F40023D10D /* Resources */,
			);
			buildRules = (
			);
			dependencies = (
			);
			name = PeopleTransactions;
			packageProductDependencies = (
				3EBB10D8287E765D0023D10D /* Swinject */,
				3EBB10E2287E78BA0023D10D /* Differentiator */,
				3EBB10E4287E78BA0023D10D /* RxDataSources */,
				3EBB11232882FBCD0023D10D /* RxCocoa */,
				3EBB11252882FBCD0023D10D /* RxRelay */,
				3EBB11272882FBCD0023D10D /* RxSwift */,
				3EBB11292882FBCD0023D10D /* RxTest */,
			);
			productName = PeopleTransactions;
			productReference = 3EBB10A1287E71F40023D10D /* PeopleTransactions.app */;
			productType = "com.apple.product-type.application";
		};
		3EBB10B6287E71F80023D10D /* PeopleTransactionsTests */ = {
			isa = PBXNativeTarget;
			buildConfigurationList = 3EBB10CE287E71F80023D10D /* Build configuration list for PBXNativeTarget "PeopleTransactionsTests" */;
			buildPhases = (
				3EBB10B3287E71F80023D10D /* Sources */,
				3EBB10B4287E71F80023D10D /* Frameworks */,
				3EBB10B5287E71F80023D10D /* Resources */,
			);
			buildRules = (
			);
			dependencies = (
				3EBB10B9287E71F80023D10D /* PBXTargetDependency */,
			);
			name = PeopleTransactionsTests;
			productName = PeopleTransactionsTests;
			productReference = 3EBB10B7287E71F80023D10D /* PeopleTransactionsTests.xctest */;
			productType = "com.apple.product-type.bundle.unit-test";
		};
		3EC071DD288311EF0039E216 /* PeopleTransactionsUITests */ = {
			isa = PBXNativeTarget;
			buildConfigurationList = 3EC071E6288311EF0039E216 /* Build configuration list for PBXNativeTarget "PeopleTransactionsUITests" */;
			buildPhases = (
				3EC071DA288311EF0039E216 /* Sources */,
				3EC071DB288311EF0039E216 /* Frameworks */,
				3EC071DC288311EF0039E216 /* Resources */,
			);
			buildRules = (
			);
			dependencies = (
				3EC071E5288311EF0039E216 /* PBXTargetDependency */,
			);
			name = PeopleTransactionsUITests;
			productName = PeopleTransactionsUITests;
			productReference = 3EC071DE288311EF0039E216 /* PeopleTransactionsUITests.xctest */;
			productType = "com.apple.product-type.bundle.ui-testing";
		};
/* End PBXNativeTarget section */

/* Begin PBXProject section */
		3EBB1099287E71F40023D10D /* Project object */ = {
			isa = PBXProject;
			attributes = {
				BuildIndependentTargetsInParallel = 1;
				LastSwiftUpdateCheck = 1300;
				LastUpgradeCheck = 1300;
				TargetAttributes = {
					3EBB10A0287E71F40023D10D = {
						CreatedOnToolsVersion = 13.0;
					};
					3EBB10B6287E71F80023D10D = {
						CreatedOnToolsVersion = 13.0;
						TestTargetID = 3EBB10A0287E71F40023D10D;
					};
					3EC071DD288311EF0039E216 = {
						CreatedOnToolsVersion = 13.0;
						TestTargetID = 3EBB10A0287E71F40023D10D;
					};
				};
			};
			buildConfigurationList = 3EBB109C287E71F40023D10D /* Build configuration list for PBXProject "PeopleTransactions" */;
			compatibilityVersion = "Xcode 13.0";
			developmentRegion = en;
			hasScannedForEncodings = 0;
			knownRegions = (
				en,
				Base,
			);
			mainGroup = 3EBB1098287E71F40023D10D;
			packageReferences = (
				3EBB10D7287E765D0023D10D /* XCRemoteSwiftPackageReference "Swinject" */,
				3EBB10E1287E78BA0023D10D /* XCRemoteSwiftPackageReference "RxDataSources" */,
				3EBB11222882FBCD0023D10D /* XCRemoteSwiftPackageReference "RxSwift" */,
			);
			productRefGroup = 3EBB10A2287E71F40023D10D /* Products */;
			projectDirPath = "";
			projectRoot = "";
			targets = (
				3EBB10A0287E71F40023D10D /* PeopleTransactions */,
				3EBB10B6287E71F80023D10D /* PeopleTransactionsTests */,
				3EC071DD288311EF0039E216 /* PeopleTransactionsUITests */,
			);
		};
/* End PBXProject section */

/* Begin PBXResourcesBuildPhase section */
		3EBB109F287E71F40023D10D /* Resources */ = {
			isa = PBXResourcesBuildPhase;
			buildActionMask = 2147483647;
			files = (
				3EBB10B1287E71F80023D10D /* LaunchScreen.storyboard in Resources */,
				3EBB10AE287E71F80023D10D /* Assets.xcassets in Resources */,
				3EBB10AC287E71F40023D10D /* Main.storyboard in Resources */,
			);
			runOnlyForDeploymentPostprocessing = 0;
		};
		3EBB10B5287E71F80023D10D /* Resources */ = {
			isa = PBXResourcesBuildPhase;
			buildActionMask = 2147483647;
			files = (
			);
			runOnlyForDeploymentPostprocessing = 0;
		};
		3EC071DC288311EF0039E216 /* Resources */ = {
			isa = PBXResourcesBuildPhase;
			buildActionMask = 2147483647;
			files = (
			);
			runOnlyForDeploymentPostprocessing = 0;
		};
/* End PBXResourcesBuildPhase section */

/* Begin PBXSourcesBuildPhase section */
		3EBB109D287E71F40023D10D /* Sources */ = {
			isa = PBXSourcesBuildPhase;
			buildActionMask = 2147483647;
			files = (
				3EBB10A9287E71F40023D10D /* TransactionsViewController.swift in Sources */,
				3EBB10A5287E71F40023D10D /* AppDelegate.swift in Sources */,
				3EBB10ED287E903E0023D10D /* TransactionTableCell.swift in Sources */,
				3EBB10A7287E71F40023D10D /* SceneDelegate.swift in Sources */,
				3EBB10FD287EF5690023D10D /* RestClient.swift in Sources */,
				3EBB10EA287E8FDD0023D10D /* TransactionViewModel.swift in Sources */,
				3EBB10F8287EE91F0023D10D /* Storyboarded.swift in Sources */,
				3EBB10EF287ECC790023D10D /* TransactionsCoordinator.swift in Sources */,
				3EBB10F4287ECD0B0023D10D /* Coordinator.swift in Sources */,
				3EBB10FA287EF4B30023D10D /* TransactionsModel.swift in Sources */,
				3EBB1100287EF5930023D10D /* DIManager.swift in Sources */,
				3EBB11062880170D0023D10D /* DetailsCoordinator.swift in Sources */,
				3EBB11092880194A0023D10D /* AppCoordinator.swift in Sources */,
				3EBB1104288016250023D10D /* DetailsViewController.swift in Sources */,
				3EBB111A28819AE00023D10D /* Double+Addition.swift in Sources */,
				3EBB110F2880AB060023D10D /* ViewController.swift in Sources */,
				3EBB11112881312C0023D10D /* ViewModelProtocol.swift in Sources */,
				3EBB11182881892C0023D10D /* DateFormatter+Addition.swift in Sources */,
				3EBB10F6287EE5720023D10D /* BaseCoordinator.swift in Sources */,
				3EBB1115288132290023D10D /* DetailsViewModel.swift in Sources */,
			);
			runOnlyForDeploymentPostprocessing = 0;
		};
		3EBB10B3287E71F80023D10D /* Sources */ = {
			isa = PBXSourcesBuildPhase;
			buildActionMask = 2147483647;
			files = (
				3EBB111C2882E51F0023D10D /* RestClientMockTest.swift in Sources */,
				3EBB111E2882EABE0023D10D /* TransactionsViewModelTest.swift in Sources */,
				3EBB10BC287E71F80023D10D /* PeopleTransactionsTests.swift in Sources */,
			);
			runOnlyForDeploymentPostprocessing = 0;
		};
		3EC071DA288311EF0039E216 /* Sources */ = {
			isa = PBXSourcesBuildPhase;
			buildActionMask = 2147483647;
			files = (
				3EC071E3288311EF0039E216 /* PeopleTransactionsUITestsLaunchTests.swift in Sources */,
				3EC071E1288311EF0039E216 /* PeopleTransactionsUITests.swift in Sources */,
			);
			runOnlyForDeploymentPostprocessing = 0;
		};
/* End PBXSourcesBuildPhase section */

/* Begin PBXTargetDependency section */
		3EBB10B9287E71F80023D10D /* PBXTargetDependency */ = {
			isa = PBXTargetDependency;
			target = 3EBB10A0287E71F40023D10D /* PeopleTransactions */;
			targetProxy = 3EBB10B8287E71F80023D10D /* PBXContainerItemProxy */;
		};
		3EC071E5288311EF0039E216 /* PBXTargetDependency */ = {
			isa = PBXTargetDependency;
			target = 3EBB10A0287E71F40023D10D /* PeopleTransactions */;
			targetProxy = 3EC071E4288311EF0039E216 /* PBXContainerItemProxy */;
		};
/* End PBXTargetDependency section */

/* Begin PBXVariantGroup section */
		3EBB10AA287E71F40023D10D /* Main.storyboard */ = {
			isa = PBXVariantGroup;
			children = (
				3EBB10AB287E71F40023D10D /* Base */,
			);
			name = Main.storyboard;
			sourceTree = "<group>";
		};
		3EBB10AF287E71F80023D10D /* LaunchScreen.storyboard */ = {
			isa = PBXVariantGroup;
			children = (
				3EBB10B0287E71F80023D10D /* Base */,
			);
			name = LaunchScreen.storyboard;
			sourceTree = "<group>";
		};
/* End PBXVariantGroup section */

/* Begin XCBuildConfiguration section */
		3EBB10C9287E71F80023D10D /* Debug */ = {
			isa = XCBuildConfiguration;
			buildSettings = {
				ALWAYS_SEARCH_USER_PATHS = NO;
				CLANG_ANALYZER_NONNULL = YES;
				CLANG_ANALYZER_NUMBER_OBJECT_CONVERSION = YES_AGGRESSIVE;
				CLANG_CXX_LANGUAGE_STANDARD = "gnu++17";
				CLANG_CXX_LIBRARY = "libc++";
				CLANG_ENABLE_MODULES = YES;
				CLANG_ENABLE_OBJC_ARC = YES;
				CLANG_ENABLE_OBJC_WEAK = YES;
				CLANG_WARN_BLOCK_CAPTURE_AUTORELEASING = YES;
				CLANG_WARN_BOOL_CONVERSION = YES;
				CLANG_WARN_COMMA = YES;
				CLANG_WARN_CONSTANT_CONVERSION = YES;
				CLANG_WARN_DEPRECATED_OBJC_IMPLEMENTATIONS = YES;
				CLANG_WARN_DIRECT_OBJC_ISA_USAGE = YES_ERROR;
				CLANG_WARN_DOCUMENTATION_COMMENTS = YES;
				CLANG_WARN_EMPTY_BODY = YES;
				CLANG_WARN_ENUM_CONVERSION = YES;
				CLANG_WARN_INFINITE_RECURSION = YES;
				CLANG_WARN_INT_CONVERSION = YES;
				CLANG_WARN_NON_LITERAL_NULL_CONVERSION = YES;
				CLANG_WARN_OBJC_IMPLICIT_RETAIN_SELF = YES;
				CLANG_WARN_OBJC_LITERAL_CONVERSION = YES;
				CLANG_WARN_OBJC_ROOT_CLASS = YES_ERROR;
				CLANG_WARN_QUOTED_INCLUDE_IN_FRAMEWORK_HEADER = YES;
				CLANG_WARN_RANGE_LOOP_ANALYSIS = YES;
				CLANG_WARN_STRICT_PROTOTYPES = YES;
				CLANG_WARN_SUSPICIOUS_MOVE = YES;
				CLANG_WARN_UNGUARDED_AVAILABILITY = YES_AGGRESSIVE;
				CLANG_WARN_UNREACHABLE_CODE = YES;
				CLANG_WARN__DUPLICATE_METHOD_MATCH = YES;
				COPY_PHASE_STRIP = NO;
				DEBUG_INFORMATION_FORMAT = dwarf;
				ENABLE_STRICT_OBJC_MSGSEND = YES;
				ENABLE_TESTABILITY = YES;
				GCC_C_LANGUAGE_STANDARD = gnu11;
				GCC_DYNAMIC_NO_PIC = NO;
				GCC_NO_COMMON_BLOCKS = YES;
				GCC_OPTIMIZATION_LEVEL = 0;
				GCC_PREPROCESSOR_DEFINITIONS = (
					"DEBUG=1",
					"$(inherited)",
				);
				GCC_WARN_64_TO_32_BIT_CONVERSION = YES;
				GCC_WARN_ABOUT_RETURN_TYPE = YES_ERROR;
				GCC_WARN_UNDECLARED_SELECTOR = YES;
				GCC_WARN_UNINITIALIZED_AUTOS = YES_AGGRESSIVE;
				GCC_WARN_UNUSED_FUNCTION = YES;
				GCC_WARN_UNUSED_VARIABLE = YES;
				IPHONEOS_DEPLOYMENT_TARGET = 15.0;
				MTL_ENABLE_DEBUG_INFO = INCLUDE_SOURCE;
				MTL_FAST_MATH = YES;
				ONLY_ACTIVE_ARCH = YES;
				OTHER_LDFLAGS = "";
				SDKROOT = iphoneos;
				SWIFT_ACTIVE_COMPILATION_CONDITIONS = DEBUG;
				SWIFT_OPTIMIZATION_LEVEL = "-Onone";
			};
			name = Debug;
		};
		3EBB10CA287E71F80023D10D /* Release */ = {
			isa = XCBuildConfiguration;
			buildSettings = {
				ALWAYS_SEARCH_USER_PATHS = NO;
				CLANG_ANALYZER_NONNULL = YES;
				CLANG_ANALYZER_NUMBER_OBJECT_CONVERSION = YES_AGGRESSIVE;
				CLANG_CXX_LANGUAGE_STANDARD = "gnu++17";
				CLANG_CXX_LIBRARY = "libc++";
				CLANG_ENABLE_MODULES = YES;
				CLANG_ENABLE_OBJC_ARC = YES;
				CLANG_ENABLE_OBJC_WEAK = YES;
				CLANG_WARN_BLOCK_CAPTURE_AUTORELEASING = YES;
				CLANG_WARN_BOOL_CONVERSION = YES;
				CLANG_WARN_COMMA = YES;
				CLANG_WARN_CONSTANT_CONVERSION = YES;
				CLANG_WARN_DEPRECATED_OBJC_IMPLEMENTATIONS = YES;
				CLANG_WARN_DIRECT_OBJC_ISA_USAGE = YES_ERROR;
				CLANG_WARN_DOCUMENTATION_COMMENTS = YES;
				CLANG_WARN_EMPTY_BODY = YES;
				CLANG_WARN_ENUM_CONVERSION = YES;
				CLANG_WARN_INFINITE_RECURSION = YES;
				CLANG_WARN_INT_CONVERSION = YES;
				CLANG_WARN_NON_LITERAL_NULL_CONVERSION = YES;
				CLANG_WARN_OBJC_IMPLICIT_RETAIN_SELF = YES;
				CLANG_WARN_OBJC_LITERAL_CONVERSION = YES;
				CLANG_WARN_OBJC_ROOT_CLASS = YES_ERROR;
				CLANG_WARN_QUOTED_INCLUDE_IN_FRAMEWORK_HEADER = YES;
				CLANG_WARN_RANGE_LOOP_ANALYSIS = YES;
				CLANG_WARN_STRICT_PROTOTYPES = YES;
				CLANG_WARN_SUSPICIOUS_MOVE = YES;
				CLANG_WARN_UNGUARDED_AVAILABILITY = YES_AGGRESSIVE;
				CLANG_WARN_UNREACHABLE_CODE = YES;
				CLANG_WARN__DUPLICATE_METHOD_MATCH = YES;
				COPY_PHASE_STRIP = NO;
				DEBUG_INFORMATION_FORMAT = "dwarf-with-dsym";
				ENABLE_NS_ASSERTIONS = NO;
				ENABLE_STRICT_OBJC_MSGSEND = YES;
				GCC_C_LANGUAGE_STANDARD = gnu11;
				GCC_NO_COMMON_BLOCKS = YES;
				GCC_WARN_64_TO_32_BIT_CONVERSION = YES;
				GCC_WARN_ABOUT_RETURN_TYPE = YES_ERROR;
				GCC_WARN_UNDECLARED_SELECTOR = YES;
				GCC_WARN_UNINITIALIZED_AUTOS = YES_AGGRESSIVE;
				GCC_WARN_UNUSED_FUNCTION = YES;
				GCC_WARN_UNUSED_VARIABLE = YES;
				IPHONEOS_DEPLOYMENT_TARGET = 15.0;
				MTL_ENABLE_DEBUG_INFO = NO;
				MTL_FAST_MATH = YES;
				OTHER_LDFLAGS = "";
				SDKROOT = iphoneos;
				SWIFT_COMPILATION_MODE = wholemodule;
				SWIFT_OPTIMIZATION_LEVEL = "-O";
				VALIDATE_PRODUCT = YES;
			};
			name = Release;
		};
		3EBB10CC287E71F80023D10D /* Debug */ = {
			isa = XCBuildConfiguration;
			buildSettings = {
				ASSETCATALOG_COMPILER_APPICON_NAME = AppIcon;
				ASSETCATALOG_COMPILER_GLOBAL_ACCENT_COLOR_NAME = AccentColor;
				CODE_SIGN_STYLE = Manual;
				CURRENT_PROJECT_VERSION = 1;
				DEVELOPMENT_TEAM = "";
				GENERATE_INFOPLIST_FILE = YES;
				INFOPLIST_FILE = PeopleTransactions/Info.plist;
				INFOPLIST_KEY_UIApplicationSupportsIndirectInputEvents = YES;
				INFOPLIST_KEY_UILaunchStoryboardName = LaunchScreen;
				INFOPLIST_KEY_UISupportedInterfaceOrientations_iPad = "UIInterfaceOrientationPortrait UIInterfaceOrientationPortraitUpsideDown UIInterfaceOrientationLandscapeLeft UIInterfaceOrientationLandscapeRight";
				INFOPLIST_KEY_UISupportedInterfaceOrientations_iPhone = "UIInterfaceOrientationPortrait UIInterfaceOrientationLandscapeLeft UIInterfaceOrientationLandscapeRight";
				LD_RUNPATH_SEARCH_PATHS = (
					"$(inherited)",
					"@executable_path/Frameworks",
				);
				MARKETING_VERSION = 1.0;
				OTHER_LDFLAGS = "";
				PRODUCT_BUNDLE_IDENTIFIER = com.demo.PeopleTransactions;
				PRODUCT_NAME = "$(TARGET_NAME)";
				PROVISIONING_PROFILE_SPECIFIER = "";
				SWIFT_EMIT_LOC_STRINGS = YES;
				SWIFT_VERSION = 5.0;
				TARGETED_DEVICE_FAMILY = "1,2";
			};
			name = Debug;
		};
		3EBB10CD287E71F80023D10D /* Release */ = {
			isa = XCBuildConfiguration;
			buildSettings = {
				ASSETCATALOG_COMPILER_APPICON_NAME = AppIcon;
				ASSETCATALOG_COMPILER_GLOBAL_ACCENT_COLOR_NAME = AccentColor;
				CODE_SIGN_STYLE = Manual;
				CURRENT_PROJECT_VERSION = 1;
				DEVELOPMENT_TEAM = "";
				GENERATE_INFOPLIST_FILE = YES;
				INFOPLIST_FILE = PeopleTransactions/Info.plist;
				INFOPLIST_KEY_UIApplicationSupportsIndirectInputEvents = YES;
				INFOPLIST_KEY_UILaunchStoryboardName = LaunchScreen;
				INFOPLIST_KEY_UISupportedInterfaceOrientations_iPad = "UIInterfaceOrientationPortrait UIInterfaceOrientationPortraitUpsideDown UIInterfaceOrientationLandscapeLeft UIInterfaceOrientationLandscapeRight";
				INFOPLIST_KEY_UISupportedInterfaceOrientations_iPhone = "UIInterfaceOrientationPortrait UIInterfaceOrientationLandscapeLeft UIInterfaceOrientationLandscapeRight";
				LD_RUNPATH_SEARCH_PATHS = (
					"$(inherited)",
					"@executable_path/Frameworks",
				);
				MARKETING_VERSION = 1.0;
				OTHER_LDFLAGS = "";
				PRODUCT_BUNDLE_IDENTIFIER = com.demo.PeopleTransactions;
				PRODUCT_NAME = "$(TARGET_NAME)";
				PROVISIONING_PROFILE_SPECIFIER = "";
				SWIFT_EMIT_LOC_STRINGS = YES;
				SWIFT_VERSION = 5.0;
				TARGETED_DEVICE_FAMILY = "1,2";
			};
			name = Release;
		};
		3EBB10CF287E71F80023D10D /* Debug */ = {
			isa = XCBuildConfiguration;
			buildSettings = {
				ALWAYS_EMBED_SWIFT_STANDARD_LIBRARIES = YES;
				BUNDLE_LOADER = "$(TEST_HOST)";
				CODE_SIGN_STYLE = Automatic;
				CURRENT_PROJECT_VERSION = 1;
				DEVELOPMENT_TEAM = 3NTMZ95P42;
				GENERATE_INFOPLIST_FILE = YES;
				IPHONEOS_DEPLOYMENT_TARGET = 15.0;
				LD_RUNPATH_SEARCH_PATHS = (
					"$(inherited)",
					"@executable_path/Frameworks",
					"@loader_path/Frameworks",
				);
				MARKETING_VERSION = 1.0;
				PRODUCT_BUNDLE_IDENTIFIER = com.demo.PeopleTransactionsTests;
				PRODUCT_NAME = "$(TARGET_NAME)";
				SWIFT_EMIT_LOC_STRINGS = NO;
				SWIFT_VERSION = 5.0;
				TARGETED_DEVICE_FAMILY = "1,2";
				TEST_HOST = "$(BUILT_PRODUCTS_DIR)/PeopleTransactions.app/PeopleTransactions";
			};
			name = Debug;
		};
		3EBB10D0287E71F80023D10D /* Release */ = {
			isa = XCBuildConfiguration;
			buildSettings = {
				ALWAYS_EMBED_SWIFT_STANDARD_LIBRARIES = YES;
				BUNDLE_LOADER = "$(TEST_HOST)";
				CODE_SIGN_STYLE = Automatic;
				CURRENT_PROJECT_VERSION = 1;
				DEVELOPMENT_TEAM = 3NTMZ95P42;
				GENERATE_INFOPLIST_FILE = YES;
				IPHONEOS_DEPLOYMENT_TARGET = 15.0;
				LD_RUNPATH_SEARCH_PATHS = (
					"$(inherited)",
					"@executable_path/Frameworks",
					"@loader_path/Frameworks",
				);
				MARKETING_VERSION = 1.0;
				PRODUCT_BUNDLE_IDENTIFIER = com.demo.PeopleTransactionsTests;
				PRODUCT_NAME = "$(TARGET_NAME)";
				SWIFT_EMIT_LOC_STRINGS = NO;
				SWIFT_VERSION = 5.0;
				TARGETED_DEVICE_FAMILY = "1,2";
				TEST_HOST = "$(BUILT_PRODUCTS_DIR)/PeopleTransactions.app/PeopleTransactions";
			};
			name = Release;
		};
		3EC071E7288311EF0039E216 /* Debug */ = {
			isa = XCBuildConfiguration;
			buildSettings = {
				CODE_SIGN_STYLE = Automatic;
				CURRENT_PROJECT_VERSION = 1;
				DEVELOPMENT_TEAM = 3NTMZ95P42;
				GENERATE_INFOPLIST_FILE = YES;
				LD_RUNPATH_SEARCH_PATHS = (
					"$(inherited)",
					"@executable_path/Frameworks",
					"@loader_path/Frameworks",
				);
				MARKETING_VERSION = 1.0;
				PRODUCT_BUNDLE_IDENTIFIER = com.demo.PeopleTransactionsUITests;
				PRODUCT_NAME = "$(TARGET_NAME)";
				SWIFT_EMIT_LOC_STRINGS = NO;
				SWIFT_VERSION = 5.0;
				TARGETED_DEVICE_FAMILY = "1,2";
				TEST_TARGET_NAME = PeopleTransactions;
			};
			name = Debug;
		};
		3EC071E8288311EF0039E216 /* Release */ = {
			isa = XCBuildConfiguration;
			buildSettings = {
				CODE_SIGN_STYLE = Automatic;
				CURRENT_PROJECT_VERSION = 1;
				DEVELOPMENT_TEAM = 3NTMZ95P42;
				GENERATE_INFOPLIST_FILE = YES;
				LD_RUNPATH_SEARCH_PATHS = (
					"$(inherited)",
					"@executable_path/Frameworks",
					"@loader_path/Frameworks",
				);
				MARKETING_VERSION = 1.0;
				PRODUCT_BUNDLE_IDENTIFIER = com.demo.PeopleTransactionsUITests;
				PRODUCT_NAME = "$(TARGET_NAME)";
				SWIFT_EMIT_LOC_STRINGS = NO;
				SWIFT_VERSION = 5.0;
				TARGETED_DEVICE_FAMILY = "1,2";
				TEST_TARGET_NAME = PeopleTransactions;
			};
			name = Release;
		};
/* End XCBuildConfiguration section */

/* Begin XCConfigurationList section */
		3EBB109C287E71F40023D10D /* Build configuration list for PBXProject "PeopleTransactions" */ = {
			isa = XCConfigurationList;
			buildConfigurations = (
				3EBB10C9287E71F80023D10D /* Debug */,
				3EBB10CA287E71F80023D10D /* Release */,
			);
			defaultConfigurationIsVisible = 0;
			defaultConfigurationName = Release;
		};
		3EBB10CB287E71F80023D10D /* Build configuration list for PBXNativeTarget "PeopleTransactions" */ = {
			isa = XCConfigurationList;
			buildConfigurations = (
				3EBB10CC287E71F80023D10D /* Debug */,
				3EBB10CD287E71F80023D10D /* Release */,
			);
			defaultConfigurationIsVisible = 0;
			defaultConfigurationName = Release;
		};
		3EBB10CE287E71F80023D10D /* Build configuration list for PBXNativeTarget "PeopleTransactionsTests" */ = {
			isa = XCConfigurationList;
			buildConfigurations = (
				3EBB10CF287E71F80023D10D /* Debug */,
				3EBB10D0287E71F80023D10D /* Release */,
			);
			defaultConfigurationIsVisible = 0;
			defaultConfigurationName = Release;
		};
		3EC071E6288311EF0039E216 /* Build configuration list for PBXNativeTarget "PeopleTransactionsUITests" */ = {
			isa = XCConfigurationList;
			buildConfigurations = (
				3EC071E7288311EF0039E216 /* Debug */,
				3EC071E8288311EF0039E216 /* Release */,
			);
			defaultConfigurationIsVisible = 0;
			defaultConfigurationName = Release;
		};
/* End XCConfigurationList section */

/* Begin XCRemoteSwiftPackageReference section */
		3EBB10D7287E765D0023D10D /* XCRemoteSwiftPackageReference "Swinject" */ = {
			isa = XCRemoteSwiftPackageReference;
			repositoryURL = "https://github.com/Swinject/Swinject.git";
			requirement = {
				branch = master;
				kind = branch;
			};
		};
		3EBB10E1287E78BA0023D10D /* XCRemoteSwiftPackageReference "RxDataSources" */ = {
			isa = XCRemoteSwiftPackageReference;
			repositoryURL = "https://github.com/RxSwiftCommunity/RxDataSources.git";
			requirement = {
				kind = upToNextMajorVersion;
				minimumVersion = 5.0.0;
			};
		};
		3EBB11222882FBCD0023D10D /* XCRemoteSwiftPackageReference "RxSwift" */ = {
			isa = XCRemoteSwiftPackageReference;
			repositoryURL = "https://github.com/ReactiveX/RxSwift.git";
			requirement = {
				branch = main;
				kind = branch;
			};
		};
/* End XCRemoteSwiftPackageReference section */

/* Begin XCSwiftPackageProductDependency section */
		3EBB10D8287E765D0023D10D /* Swinject */ = {
			isa = XCSwiftPackageProductDependency;
			package = 3EBB10D7287E765D0023D10D /* XCRemoteSwiftPackageReference "Swinject" */;
			productName = Swinject;
		};
		3EBB10E2287E78BA0023D10D /* Differentiator */ = {
			isa = XCSwiftPackageProductDependency;
			package = 3EBB10E1287E78BA0023D10D /* XCRemoteSwiftPackageReference "RxDataSources" */;
			productName = Differentiator;
		};
		3EBB10E4287E78BA0023D10D /* RxDataSources */ = {
			isa = XCSwiftPackageProductDependency;
			package = 3EBB10E1287E78BA0023D10D /* XCRemoteSwiftPackageReference "RxDataSources" */;
			productName = RxDataSources;
		};
		3EBB11232882FBCD0023D10D /* RxCocoa */ = {
			isa = XCSwiftPackageProductDependency;
			package = 3EBB11222882FBCD0023D10D /* XCRemoteSwiftPackageReference "RxSwift" */;
			productName = RxCocoa;
		};
		3EBB11252882FBCD0023D10D /* RxRelay */ = {
			isa = XCSwiftPackageProductDependency;
			package = 3EBB11222882FBCD0023D10D /* XCRemoteSwiftPackageReference "RxSwift" */;
			productName = RxRelay;
		};
		3EBB11272882FBCD0023D10D /* RxSwift */ = {
			isa = XCSwiftPackageProductDependency;
			package = 3EBB11222882FBCD0023D10D /* XCRemoteSwiftPackageReference "RxSwift" */;
			productName = RxSwift;
		};
		3EBB11292882FBCD0023D10D /* RxTest */ = {
			isa = XCSwiftPackageProductDependency;
			package = 3EBB11222882FBCD0023D10D /* XCRemoteSwiftPackageReference "RxSwift" */;
			productName = RxTest;
		};
/* End XCSwiftPackageProductDependency section */
	};
	rootObject = 3EBB1099287E71F40023D10D /* Project object */;
}
